
Microsoft Visual Studio Solution File, Format Version 12.00
# Visual Studio 15
VisualStudioVersion = 15.0.28307.645
MinimumVisualStudioVersion = 10.0.40219.1
Project("{FAE04EC0-301F-11D3-BF4B-00C04F79EFBC}") = "InventarioAPI", "InventarioAPI\InventarioAPI.csproj", "{66CDE771-80E8-4595-941F-39949D6A1935}"
EndProject
Global
	GlobalSection(SolutionConfigurationPlatforms) = preSolution
		Debug|Any CPU = Debug|Any CPU
		Release|Any CPU = Release|Any CPU
	EndGlobalSection
	GlobalSection(ProjectConfigurationPlatforms) = postSolution
		{66CDE771-80E8-4595-941F-39949D6A1935}.Debug|Any CPU.ActiveCfg = Debug|Any CPU
		{66CDE771-80E8-4595-941F-39949D6A1935}.Debug|Any CPU.Build.0 = Debug|Any CPU
		{66CDE771-80E8-4595-941F-39949D6A1935}.Release|Any CPU.ActiveCfg = Release|Any CPU
		{66CDE771-80E8-4595-941F-39949D6A1935}.Release|Any CPU.Build.0 = Release|Any CPU
	EndGlobalSection
	GlobalSection(SolutionProperties) = preSolution
		HideSolutionNode = FALSE
	EndGlobalSection
	GlobalSection(ExtensibilityGlobals) = postSolution
		SolutionGuid = {6639FA13-5071-447D-B875-61F9BDB58933}
	EndGlobalSection
EndGlobal
